{
  "name": "prog-3-cwm",
  "version": "1.0.0",
  "lockfileVersion": 1,
  "requires": true,
  "dependencies": {
    "vue-avatar-cropper": {
      "version": "2.0.0",
      "resolved": "https://registry.npmjs.org/vue-avatar-cropper/-/vue-avatar-cropper-2.0.0.tgz",
      "integrity": "sha512-Zqmu+ofH1M4sWpnVXIfchsE6pfoPYZGtQgCR6Yi0JU0U9g6bDdCUuTR9qXxLDFIpXgWw1VdETXC7b+FMw7/cAA=="
    }
  }
}
